
Microsoft Visual Studio Solution File, Format Version 12.00
# Visual Studio Version 17
VisualStudioVersion = 17.7.34018.315
MinimumVisualStudioVersion = 10.0.40219.1
Project("{FAE04EC0-301F-11D3-BF4B-00C04F79EFBC}") = "cinemaAndBuffet", "cinemaAndBuffet\cinemaAndBuffet.csproj", "{6F2CBD1F-3808-455D-A2EE-2C6094F38587}"
EndProject
Global
	GlobalSection(SolutionConfigurationPlatforms) = preSolution
		Debug|Any CPU = Debug|Any CPU
		Release|Any CPU = Release|Any CPU
	EndGlobalSection
	GlobalSection(ProjectConfigurationPlatforms) = postSolution
		{6F2CBD1F-3808-455D-A2EE-2C6094F38587}.Debug|Any CPU.ActiveCfg = Debug|Any CPU
		{6F2CBD1F-3808-455D-A2EE-2C6094F38587}.Debug|Any CPU.Build.0 = Debug|Any CPU
		{6F2CBD1F-3808-455D-A2EE-2C6094F38587}.Release|Any CPU.ActiveCfg = Release|Any CPU
		{6F2CBD1F-3808-455D-A2EE-2C6094F38587}.Release|Any CPU.Build.0 = Release|Any CPU
	EndGlobalSection
	GlobalSection(SolutionProperties) = preSolution
		HideSolutionNode = FALSE
	EndGlobalSection
	GlobalSection(ExtensibilityGlobals) = postSolution
		SolutionGuid = {5DDCFD18-4F72-4136-93D9-FA26E95258E9}
	EndGlobalSection
EndGlobal
